
Microsoft Visual Studio Solution File, Format Version 12.00
# Visual Studio Version 17
VisualStudioVersion = 17.0.31903.59
MinimumVisualStudioVersion = 10.0.40219.1
Project("{FAE04EC0-301F-11D3-BF4B-00C04F79EFBC}") = "Builder.Core", "Builder.Core\Builder.Core.csproj", "{D8CE832B-8ABA-49FA-AE2F-A2591BEDDD5F}"
EndProject
Project("{FAE04EC0-301F-11D3-BF4B-00C04F79EFBC}") = "Builder.Persistence", "Builder.Persistence\Builder.Persistence.csproj", "{8AE91ADE-4BF2-4443-B4E4-BCD38ADBC680}"
EndProject
Project("{FAE04EC0-301F-11D3-BF4B-00C04F79EFBC}") = "Builder.Backend", "Builder.Backend\Builder.Backend.csproj", "{3CB817BB-1B29-48F4-B95D-B116AF6E7F4C}"
EndProject
Project("{FAE04EC0-301F-11D3-BF4B-00C04F79EFBC}") = "Builder.Tests", "Builder.Tests\Builder.Tests.csproj", "{33135D1A-AA06-4923-9A0E-B894243942DC}"
EndProject
Project("{FAE04EC0-301F-11D3-BF4B-00C04F79EFBC}") = "Builder.Logic", "Builder.Logic\Builder.Logic.csproj", "{C61EE6F3-B549-4A47-8497-1ABDC8251603}"
EndProject
Project("{FAE04EC0-301F-11D3-BF4B-00C04F79EFBC}") = "Builder.Simulator", "Builder.Simulator\Builder.Simulator.csproj", "{C4B8B466-3BE4-4376-B6B8-96F3B9A13CBC}"
EndProject
Project("{2150E333-8FDC-42A3-9474-1A3956D46DE8}") = "Core", "Core", "{FBF56CC3-7AE6-AD2D-3F14-7F97FD322CD6}"
EndProject
Project("{FAE04EC0-301F-11D3-BF4B-00C04F79EFBC}") = "ApolloIQ.Core", "Core\ApolloIQ.Core\ApolloIQ.Core.csproj", "{D8D53F1A-7FED-4520-BE68-8D9FADB21926}"
EndProject
Global
	GlobalSection(SolutionConfigurationPlatforms) = preSolution
		Debug|Any CPU = Debug|Any CPU
		Debug|x64 = Debug|x64
		Debug|x86 = Debug|x86
		Release|Any CPU = Release|Any CPU
		Release|x64 = Release|x64
		Release|x86 = Release|x86
	EndGlobalSection
	GlobalSection(ProjectConfigurationPlatforms) = postSolution
		{D8CE832B-8ABA-49FA-AE2F-A2591BEDDD5F}.Debug|Any CPU.ActiveCfg = Debug|Any CPU
		{D8CE832B-8ABA-49FA-AE2F-A2591BEDDD5F}.Debug|Any CPU.Build.0 = Debug|Any CPU
		{D8CE832B-8ABA-49FA-AE2F-A2591BEDDD5F}.Debug|x64.ActiveCfg = Debug|Any CPU
		{D8CE832B-8ABA-49FA-AE2F-A2591BEDDD5F}.Debug|x64.Build.0 = Debug|Any CPU
		{D8CE832B-8ABA-49FA-AE2F-A2591BEDDD5F}.Debug|x86.ActiveCfg = Debug|Any CPU
		{D8CE832B-8ABA-49FA-AE2F-A2591BEDDD5F}.Debug|x86.Build.0 = Debug|Any CPU
		{D8CE832B-8ABA-49FA-AE2F-A2591BEDDD5F}.Release|Any CPU.ActiveCfg = Release|Any CPU
		{D8CE832B-8ABA-49FA-AE2F-A2591BEDDD5F}.Release|Any CPU.Build.0 = Release|Any CPU
		{D8CE832B-8ABA-49FA-AE2F-A2591BEDDD5F}.Release|x64.ActiveCfg = Release|Any CPU
		{D8CE832B-8ABA-49FA-AE2F-A2591BEDDD5F}.Release|x64.Build.0 = Release|Any CPU
		{D8CE832B-8ABA-49FA-AE2F-A2591BEDDD5F}.Release|x86.ActiveCfg = Release|Any CPU
		{D8CE832B-8ABA-49FA-AE2F-A2591BEDDD5F}.Release|x86.Build.0 = Release|Any CPU
		{8AE91ADE-4BF2-4443-B4E4-BCD38ADBC680}.Debug|Any CPU.ActiveCfg = Debug|Any CPU
		{8AE91ADE-4BF2-4443-B4E4-BCD38ADBC680}.Debug|Any CPU.Build.0 = Debug|Any CPU
		{8AE91ADE-4BF2-4443-B4E4-BCD38ADBC680}.Debug|x64.ActiveCfg = Debug|Any CPU
		{8AE91ADE-4BF2-4443-B4E4-BCD38ADBC680}.Debug|x64.Build.0 = Debug|Any CPU
		{8AE91ADE-4BF2-4443-B4E4-BCD38ADBC680}.Debug|x86.ActiveCfg = Debug|Any CPU
		{8AE91ADE-4BF2-4443-B4E4-BCD38ADBC680}.Debug|x86.Build.0 = Debug|Any CPU
		{8AE91ADE-4BF2-4443-B4E4-BCD38ADBC680}.Release|Any CPU.ActiveCfg = Release|Any CPU
		{8AE91ADE-4BF2-4443-B4E4-BCD38ADBC680}.Release|Any CPU.Build.0 = Release|Any CPU
		{8AE91ADE-4BF2-4443-B4E4-BCD38ADBC680}.Release|x64.ActiveCfg = Release|Any CPU
		{8AE91ADE-4BF2-4443-B4E4-BCD38ADBC680}.Release|x64.Build.0 = Release|Any CPU
		{8AE91ADE-4BF2-4443-B4E4-BCD38ADBC680}.Release|x86.ActiveCfg = Release|Any CPU
		{8AE91ADE-4BF2-4443-B4E4-BCD38ADBC680}.Release|x86.Build.0 = Release|Any CPU
		{3CB817BB-1B29-48F4-B95D-B116AF6E7F4C}.Debug|Any CPU.ActiveCfg = Debug|Any CPU
		{3CB817BB-1B29-48F4-B95D-B116AF6E7F4C}.Debug|Any CPU.Build.0 = Debug|Any CPU
		{3CB817BB-1B29-48F4-B95D-B116AF6E7F4C}.Debug|x64.ActiveCfg = Debug|Any CPU
		{3CB817BB-1B29-48F4-B95D-B116AF6E7F4C}.Debug|x64.Build.0 = Debug|Any CPU
		{3CB817BB-1B29-48F4-B95D-B116AF6E7F4C}.Debug|x86.ActiveCfg = Debug|Any CPU
		{3CB817BB-1B29-48F4-B95D-B116AF6E7F4C}.Debug|x86.Build.0 = Debug|Any CPU
		{3CB817BB-1B29-48F4-B95D-B116AF6E7F4C}.Release|Any CPU.ActiveCfg = Release|Any CPU
		{3CB817BB-1B29-48F4-B95D-B116AF6E7F4C}.Release|Any CPU.Build.0 = Release|Any CPU
		{3CB817BB-1B29-48F4-B95D-B116AF6E7F4C}.Release|x64.ActiveCfg = Release|Any CPU
		{3CB817BB-1B29-48F4-B95D-B116AF6E7F4C}.Release|x64.Build.0 = Release|Any CPU
		{3CB817BB-1B29-48F4-B95D-B116AF6E7F4C}.Release|x86.ActiveCfg = Release|Any CPU
		{3CB817BB-1B29-48F4-B95D-B116AF6E7F4C}.Release|x86.Build.0 = Release|Any CPU
		{33135D1A-AA06-4923-9A0E-B894243942DC}.Debug|Any CPU.ActiveCfg = Debug|Any CPU
		{33135D1A-AA06-4923-9A0E-B894243942DC}.Debug|Any CPU.Build.0 = Debug|Any CPU
		{33135D1A-AA06-4923-9A0E-B894243942DC}.Debug|x64.ActiveCfg = Debug|Any CPU
		{33135D1A-AA06-4923-9A0E-B894243942DC}.Debug|x64.Build.0 = Debug|Any CPU
		{33135D1A-AA06-4923-9A0E-B894243942DC}.Debug|x86.ActiveCfg = Debug|Any CPU
		{33135D1A-AA06-4923-9A0E-B894243942DC}.Debug|x86.Build.0 = Debug|Any CPU
		{33135D1A-AA06-4923-9A0E-B894243942DC}.Release|Any CPU.ActiveCfg = Release|Any CPU
		{33135D1A-AA06-4923-9A0E-B894243942DC}.Release|Any CPU.Build.0 = Release|Any CPU
		{33135D1A-AA06-4923-9A0E-B894243942DC}.Release|x64.ActiveCfg = Release|Any CPU
		{33135D1A-AA06-4923-9A0E-B894243942DC}.Release|x64.Build.0 = Release|Any CPU
		{33135D1A-AA06-4923-9A0E-B894243942DC}.Release|x86.ActiveCfg = Release|Any CPU
		{33135D1A-AA06-4923-9A0E-B894243942DC}.Release|x86.Build.0 = Release|Any CPU
		{C61EE6F3-B549-4A47-8497-1ABDC8251603}.Debug|Any CPU.ActiveCfg = Debug|Any CPU
		{C61EE6F3-B549-4A47-8497-1ABDC8251603}.Debug|Any CPU.Build.0 = Debug|Any CPU
		{C61EE6F3-B549-4A47-8497-1ABDC8251603}.Debug|x64.ActiveCfg = Debug|Any CPU
		{C61EE6F3-B549-4A47-8497-1ABDC8251603}.Debug|x64.Build.0 = Debug|Any CPU
		{C61EE6F3-B549-4A47-8497-1ABDC8251603}.Debug|x86.ActiveCfg = Debug|Any CPU
		{C61EE6F3-B549-4A47-8497-1ABDC8251603}.Debug|x86.Build.0 = Debug|Any CPU
		{C61EE6F3-B549-4A47-8497-1ABDC8251603}.Release|Any CPU.ActiveCfg = Release|Any CPU
		{C61EE6F3-B549-4A47-8497-1ABDC8251603}.Release|Any CPU.Build.0 = Release|Any CPU
		{C61EE6F3-B549-4A47-8497-1ABDC8251603}.Release|x64.ActiveCfg = Release|Any CPU
		{C61EE6F3-B549-4A47-8497-1ABDC8251603}.Release|x64.Build.0 = Release|Any CPU
		{C61EE6F3-B549-4A47-8497-1ABDC8251603}.Release|x86.ActiveCfg = Release|Any CPU
		{C61EE6F3-B549-4A47-8497-1ABDC8251603}.Release|x86.Build.0 = Release|Any CPU
		{C4B8B466-3BE4-4376-B6B8-96F3B9A13CBC}.Debug|Any CPU.ActiveCfg = Debug|Any CPU
		{C4B8B466-3BE4-4376-B6B8-96F3B9A13CBC}.Debug|Any CPU.Build.0 = Debug|Any CPU
		{C4B8B466-3BE4-4376-B6B8-96F3B9A13CBC}.Debug|x64.ActiveCfg = Debug|Any CPU
		{C4B8B466-3BE4-4376-B6B8-96F3B9A13CBC}.Debug|x64.Build.0 = Debug|Any CPU
		{C4B8B466-3BE4-4376-B6B8-96F3B9A13CBC}.Debug|x86.ActiveCfg = Debug|Any CPU
		{C4B8B466-3BE4-4376-B6B8-96F3B9A13CBC}.Debug|x86.Build.0 = Debug|Any CPU
		{C4B8B466-3BE4-4376-B6B8-96F3B9A13CBC}.Release|Any CPU.ActiveCfg = Release|Any CPU
		{C4B8B466-3BE4-4376-B6B8-96F3B9A13CBC}.Release|Any CPU.Build.0 = Release|Any CPU
		{C4B8B466-3BE4-4376-B6B8-96F3B9A13CBC}.Release|x64.ActiveCfg = Release|Any CPU
		{C4B8B466-3BE4-4376-B6B8-96F3B9A13CBC}.Release|x64.Build.0 = Release|Any CPU
		{C4B8B466-3BE4-4376-B6B8-96F3B9A13CBC}.Release|x86.ActiveCfg = Release|Any CPU
		{C4B8B466-3BE4-4376-B6B8-96F3B9A13CBC}.Release|x86.Build.0 = Release|Any CPU
		{D8D53F1A-7FED-4520-BE68-8D9FADB21926}.Debug|Any CPU.ActiveCfg = Debug|Any CPU
		{D8D53F1A-7FED-4520-BE68-8D9FADB21926}.Debug|Any CPU.Build.0 = Debug|Any CPU
		{D8D53F1A-7FED-4520-BE68-8D9FADB21926}.Debug|x64.ActiveCfg = Debug|Any CPU
		{D8D53F1A-7FED-4520-BE68-8D9FADB21926}.Debug|x64.Build.0 = Debug|Any CPU
		{D8D53F1A-7FED-4520-BE68-8D9FADB21926}.Debug|x86.ActiveCfg = Debug|Any CPU
		{D8D53F1A-7FED-4520-BE68-8D9FADB21926}.Debug|x86.Build.0 = Debug|Any CPU
		{D8D53F1A-7FED-4520-BE68-8D9FADB21926}.Release|Any CPU.ActiveCfg = Release|Any CPU
		{D8D53F1A-7FED-4520-BE68-8D9FADB21926}.Release|Any CPU.Build.0 = Release|Any CPU
		{D8D53F1A-7FED-4520-BE68-8D9FADB21926}.Release|x64.ActiveCfg = Release|Any CPU
		{D8D53F1A-7FED-4520-BE68-8D9FADB21926}.Release|x64.Build.0 = Release|Any CPU
		{D8D53F1A-7FED-4520-BE68-8D9FADB21926}.Release|x86.ActiveCfg = Release|Any CPU
		{D8D53F1A-7FED-4520-BE68-8D9FADB21926}.Release|x86.Build.0 = Release|Any CPU
	EndGlobalSection
	GlobalSection(SolutionProperties) = preSolution
		HideSolutionNode = FALSE
	EndGlobalSection
	GlobalSection(NestedProjects) = preSolution
		{D8D53F1A-7FED-4520-BE68-8D9FADB21926} = {FBF56CC3-7AE6-AD2D-3F14-7F97FD322CD6}
	EndGlobalSection
EndGlobal
